
Microsoft Visual Studio Solution File, Format Version 12.00
# Visual Studio Version 16
VisualStudioVersion = 16.0.32407.337
MinimumVisualStudioVersion = 10.0.40219.1
Project("{FAE04EC0-301F-11D3-BF4B-00C04F79EFBC}") = "WFA_triangle", "WFA_triangle\WFA_triangle.csproj", "{AA6A4EFB-C3C9-4EF7-80AF-2090D8F66E70}"
EndProject
Global
	GlobalSection(SolutionConfigurationPlatforms) = preSolution
		Debug|Any CPU = Debug|Any CPU
		Release|Any CPU = Release|Any CPU
	EndGlobalSection
	GlobalSection(ProjectConfigurationPlatforms) = postSolution
		{AA6A4EFB-C3C9-4EF7-80AF-2090D8F66E70}.Debug|Any CPU.ActiveCfg = Debug|Any CPU
		{AA6A4EFB-C3C9-4EF7-80AF-2090D8F66E70}.Debug|Any CPU.Build.0 = Debug|Any CPU
		{AA6A4EFB-C3C9-4EF7-80AF-2090D8F66E70}.Release|Any CPU.ActiveCfg = Release|Any CPU
		{AA6A4EFB-C3C9-4EF7-80AF-2090D8F66E70}.Release|Any CPU.Build.0 = Release|Any CPU
	EndGlobalSection
	GlobalSection(SolutionProperties) = preSolution
		HideSolutionNode = FALSE
	EndGlobalSection
	GlobalSection(ExtensibilityGlobals) = postSolution
		SolutionGuid = {72C635A4-BB82-4209-BDF1-70C4517423F8}
	EndGlobalSection
EndGlobal
